{
  "name": "miniquette",
  "version": "1.1.0",
  "lockfileVersion": 2,
  "requires": true,
  "packages": {
    "": {
      "name": "miniquette",
      "version": "1.1.0",
      "license": "MIT",
      "dependencies": {
        "chart.js": "^3.7.1",
        "chartjs-adapter-luxon": "^1.1.0",
        "luxon": "^2.5.2",
        "paho-mqtt": "^1.1.0"
      }
    },
    "node_modules/chart.js": {
      "version": "3.7.1",
      "resolved": "https://registry.npmjs.org/chart.js/-/chart.js-3.7.1.tgz",
      "integrity": "sha512-8knRegQLFnPQAheZV8MjxIXc5gQEfDFD897BJgv/klO/vtIyFFmgMXrNfgrXpbTr/XbTturxRgxIXx/Y+ASJBA=="
    },
    "node_modules/chartjs-adapter-luxon": {
      "version": "1.1.0",
      "resolved": "https://registry.npmjs.org/chartjs-adapter-luxon/-/chartjs-adapter-luxon-1.1.0.tgz",
      "integrity": "sha512-CS+xBWEyXYVLBZ3dSY/MwlSXhz8er4JjkApazY84ft/++oOLsmkt6TaXBCsUFudum7QdoYmpxiL/gSp20+emkw==",
      "peerDependencies": {
        "chart.js": "^3.0.0",
        "luxon": "^1.0.0 || ^2.0.0"
      }
    },
    "node_modules/luxon": {
      "version": "2.5.2",
      "resolved": "https://registry.npmjs.org/luxon/-/luxon-2.5.2.tgz",
      "integrity": "sha512-Yg7/RDp4nedqmLgyH0LwgGRvMEKVzKbUdkBYyCosbHgJ+kaOUx0qzSiSatVc3DFygnirTPYnMM2P5dg2uH1WvA==",
      "engines": {
        "node": ">=12"
      }
    },
    "node_modules/paho-mqtt": {
      "version": "1.1.0",
      "resolved": "https://registry.npmjs.org/paho-mqtt/-/paho-mqtt-1.1.0.tgz",
      "integrity": "sha512-KPbL9KAB0ASvhSDbOrZBaccXS+/s7/LIofbPyERww8hM5Ko71GUJQ6Nmg0BWqj8phAIT8zdf/Sd/RftHU9i2HA=="
    }
  },
  "dependencies": {
    "chart.js": {
      "version": "3.7.1",
      "resolved": "https://registry.npmjs.org/chart.js/-/chart.js-3.7.1.tgz",
      "integrity": "sha512-8knRegQLFnPQAheZV8MjxIXc5gQEfDFD897BJgv/klO/vtIyFFmgMXrNfgrXpbTr/XbTturxRgxIXx/Y+ASJBA=="
    },
    "chartjs-adapter-luxon": {
      "version": "1.1.0",
      "resolved": "https://registry.npmjs.org/chartjs-adapter-luxon/-/chartjs-adapter-luxon-1.1.0.tgz",
      "integrity": "sha512-CS+xBWEyXYVLBZ3dSY/MwlSXhz8er4JjkApazY84ft/++oOLsmkt6TaXBCsUFudum7QdoYmpxiL/gSp20+emkw==",
      "requires": {}
    },
    "luxon": {
      "version": "2.5.2",
      "resolved": "https://registry.npmjs.org/luxon/-/luxon-2.5.2.tgz",
      "integrity": "sha512-Yg7/RDp4nedqmLgyH0LwgGRvMEKVzKbUdkBYyCosbHgJ+kaOUx0qzSiSatVc3DFygnirTPYnMM2P5dg2uH1WvA=="
    },
    "paho-mqtt": {
      "version": "1.1.0",
      "resolved": "https://registry.npmjs.org/paho-mqtt/-/paho-mqtt-1.1.0.tgz",
      "integrity": "sha512-KPbL9KAB0ASvhSDbOrZBaccXS+/s7/LIofbPyERww8hM5Ko71GUJQ6Nmg0BWqj8phAIT8zdf/Sd/RftHU9i2HA=="
    }
  }
}
